
Microsoft Visual Studio Solution File, Format Version 12.00
# Visual Studio Version 16
VisualStudioVersion = 16.0.31424.327
MinimumVisualStudioVersion = 10.0.40219.1
Project("{9A19103F-16F7-4668-BE54-9A1E7A4F7556}") = "BankSystem", "DexPractic\BankSystem.csproj", "{8DBCB238-CE4D-4924-A890-10F4DA15B5B8}"
EndProject
Project("{FAE04EC0-301F-11D3-BF4B-00C04F79EFBC}") = "DextPractic.Tests", "DextPractic.Tests\DextPractic.Tests.csproj", "{B11F5B30-BFC1-403C-9760-73FF5FFCC8A0}"
EndProject
Global
	GlobalSection(SolutionConfigurationPlatforms) = preSolution
		Debug|Any CPU = Debug|Any CPU
		Release|Any CPU = Release|Any CPU
	EndGlobalSection
	GlobalSection(ProjectConfigurationPlatforms) = postSolution
		{8DBCB238-CE4D-4924-A890-10F4DA15B5B8}.Debug|Any CPU.ActiveCfg = Debug|Any CPU
		{8DBCB238-CE4D-4924-A890-10F4DA15B5B8}.Debug|Any CPU.Build.0 = Debug|Any CPU
		{8DBCB238-CE4D-4924-A890-10F4DA15B5B8}.Release|Any CPU.ActiveCfg = Release|Any CPU
		{8DBCB238-CE4D-4924-A890-10F4DA15B5B8}.Release|Any CPU.Build.0 = Release|Any CPU
		{B11F5B30-BFC1-403C-9760-73FF5FFCC8A0}.Debug|Any CPU.ActiveCfg = Debug|Any CPU
		{B11F5B30-BFC1-403C-9760-73FF5FFCC8A0}.Debug|Any CPU.Build.0 = Debug|Any CPU
		{B11F5B30-BFC1-403C-9760-73FF5FFCC8A0}.Release|Any CPU.ActiveCfg = Release|Any CPU
		{B11F5B30-BFC1-403C-9760-73FF5FFCC8A0}.Release|Any CPU.Build.0 = Release|Any CPU
	EndGlobalSection
	GlobalSection(SolutionProperties) = preSolution
		HideSolutionNode = FALSE
	EndGlobalSection
	GlobalSection(ExtensibilityGlobals) = postSolution
		SolutionGuid = {C5BB84D9-FBCB-4176-B3BF-37EFD96B701B}
	EndGlobalSection
EndGlobal
